// !$*UTF8*$!
{
	archiveVersion = 1;
	classes = {
	};
	objectVersion = 56;
	objects = {

/* Begin PBXBuildFile section */
		AE5E358B980CB8D397A20C1D /* TaskFlowApp.swift in Sources */ = {isa = PBXBuildFile; fileRef = C1673DF67254D9A54DB20C02 /* TaskFlowApp.swift */; };
		0D8F554CCBADF14144D0198D /* AppDelegate.swift in Sources */ = {isa = PBXBuildFile; fileRef = F26A2B1F8CF8262594AA6D73 /* AppDelegate.swift */; };
		FA2420838F50327ECBBF6A40 /* DIContainer.swift in Sources */ = {isa = PBXBuildFile; fileRef = D8AA8D443D8F3253159B4DAD /* DIContainer.swift */; };
		DBE4863EA4281C293261EB6F /* AppCoordinator.swift in Sources */ = {isa = PBXBuildFile; fileRef = 2EDC692DCC5E61CC2392D287 /* AppCoordinator.swift */; };
		961302C9A6C9A07D52DA22DC /* AppCoordinatorHostView.swift in Sources */ = {isa = PBXBuildFile; fileRef = B55F90729C0DAF1A3BC3AEAB /* AppCoordinatorHostView.swift */; };
		C1673BFC7A2ED0E3791E35C6 /* Assets.xcassets in Resources */ = {isa = PBXBuildFile; fileRef = A7607EE55EAEF8F4CDCF568A /* Assets.xcassets */; };
		C93EB9A3179279D8B5F0F66C /* Core in Frameworks */ = {isa = PBXBuildFile; productRef = 1A954E7F6EC0033022213F83 /* Core */; };
		E130E4B328629F1A1E00BB12 /* TaskManagement in Frameworks */ = {isa = PBXBuildFile; productRef = 4F38860802C45D64FFFBC32C /* TaskManagement */; };
		15E86BF4DDC335E5EBDEF6E3 /* PrimaryFlowUITests.swift in Sources */ = {isa = PBXBuildFile; fileRef = 8839BE245A523474694C5803 /* PrimaryFlowUITests.swift */; };
		F93152729B4759D30A57E017 /* AccessibilityAuditUITests.swift in Sources */ = {isa = PBXBuildFile; fileRef = 29372583A12A671AE581696D /* AccessibilityAuditUITests.swift */; };
/* End PBXBuildFile section */

/* Begin PBXFileReference section */
		803F3591F223F07E12B93754 /* TaskFlow.app */ = {isa = PBXFileReference; explicitFileType = wrapper.application; includeInIndex = 0; path = TaskFlow.app; sourceTree = BUILT_PRODUCTS_DIR; };
		C1673DF67254D9A54DB20C02 /* TaskFlowApp.swift */ = {isa = PBXFileReference; lastKnownFileType = sourcecode.swift; path = TaskFlowApp.swift; sourceTree = "<group>"; };
		F26A2B1F8CF8262594AA6D73 /* AppDelegate.swift */ = {isa = PBXFileReference; lastKnownFileType = sourcecode.swift; path = AppDelegate.swift; sourceTree = "<group>"; };
		D8AA8D443D8F3253159B4DAD /* DIContainer.swift */ = {isa = PBXFileReference; lastKnownFileType = sourcecode.swift; path = DIContainer.swift; sourceTree = "<group>"; };
		2EDC692DCC5E61CC2392D287 /* AppCoordinator.swift */ = {isa = PBXFileReference; lastKnownFileType = sourcecode.swift; path = AppCoordinator.swift; sourceTree = "<group>"; };
		B55F90729C0DAF1A3BC3AEAB /* AppCoordinatorHostView.swift */ = {isa = PBXFileReference; lastKnownFileType = sourcecode.swift; path = AppCoordinatorHostView.swift; sourceTree = "<group>"; };
		A7607EE55EAEF8F4CDCF568A /* Assets.xcassets */ = {isa = PBXFileReference; lastKnownFileType = folder.assetcatalog; path = Assets.xcassets; sourceTree = "<group>"; };
		1BF6C8245C3E3F89FBBBABB7 /* TaskFlowUITests.xctest */ = {isa = PBXFileReference; explicitFileType = wrapper.cfbundle; includeInIndex = 0; path = TaskFlowUITests.xctest; sourceTree = BUILT_PRODUCTS_DIR; };
		8839BE245A523474694C5803 /* PrimaryFlowUITests.swift */ = {isa = PBXFileReference; lastKnownFileType = sourcecode.swift; path = PrimaryFlowUITests.swift; sourceTree = "<group>"; };
		29372583A12A671AE581696D /* AccessibilityAuditUITests.swift */ = {isa = PBXFileReference; lastKnownFileType = sourcecode.swift; path = AccessibilityAuditUITests.swift; sourceTree = "<group>"; };
/* End PBXFileReference section */

/* Begin PBXFrameworksBuildPhase section */
		858729AE101284BA9FA3E7AE /* Frameworks */ = {
			isa = PBXFrameworksBuildPhase;
			buildActionMask = 2147483647;
			files = (
				C93EB9A3179279D8B5F0F66C /* Core in Frameworks */,
				E130E4B328629F1A1E00BB12 /* TaskManagement in Frameworks */,
			);
			runOnlyForDeploymentPostprocessing = 0;
		};
		53D384371F6E08A8252808C0 /* Frameworks */ = {
			isa = PBXFrameworksBuildPhase;
			buildActionMask = 2147483647;
			files = (
			);
			runOnlyForDeploymentPostprocessing = 0;
		};
/* End PBXFrameworksBuildPhase section */

/* Begin PBXGroup section */
		0680D6046784BD29A6F05C15 = {
			isa = PBXGroup;
			children = (
				7188E84F456BE038FDE79EF7 /* TaskFlow */,
				56CD1A9CB131E916C6575725 /* TaskFlowUITests */,
				9684E36E4F5300ED050EE76D /* Products */,
			);
			sourceTree = "<group>";
		};
		7188E84F456BE038FDE79EF7 /* TaskFlow */ = {
			isa = PBXGroup;
			children = (
				C1673DF67254D9A54DB20C02 /* TaskFlowApp.swift */,
				F26A2B1F8CF8262594AA6D73 /* AppDelegate.swift */,
				D8AA8D443D8F3253159B4DAD /* DIContainer.swift */,
				2EDC692DCC5E61CC2392D287 /* AppCoordinator.swift */,
				B55F90729C0DAF1A3BC3AEAB /* AppCoordinatorHostView.swift */,
				A7607EE55EAEF8F4CDCF568A /* Assets.xcassets */,
			);
			path = TaskFlow;
			sourceTree = "<group>";
		};
		9684E36E4F5300ED050EE76D /* Products */ = {
			isa = PBXGroup;
			children = (
				803F3591F223F07E12B93754 /* TaskFlow.app */,
				1BF6C8245C3E3F89FBBBABB7 /* TaskFlowUITests.xctest */,
			);
			name = Products;
			sourceTree = "<group>";
		};
		56CD1A9CB131E916C6575725 /* TaskFlowUITests */ = {
			isa = PBXGroup;
			children = (
				8839BE245A523474694C5803 /* PrimaryFlowUITests.swift */,
				29372583A12A671AE581696D /* AccessibilityAuditUITests.swift */,
			);
			path = TaskFlowUITests;
			sourceTree = "<group>";
		};
/* End PBXGroup section */

/* Begin PBXNativeTarget section */
		08D623DECE1689CE4485220C /* TaskFlow */ = {
			isa = PBXNativeTarget;
			buildConfigurationList = 274F0EC003D5F0741E6C4856 /* Build configuration list for PBXNativeTarget "TaskFlow" */;
			buildPhases = (
				3B20380B725D1E148A2B3C54 /* Sources */,
				858729AE101284BA9FA3E7AE /* Frameworks */,
				3D727326C1246C5F52EAA54E /* Resources */,
			);
			buildRules = (
			);
			dependencies = (
			);
			name = TaskFlow;
			packageProductDependencies = (
				1A954E7F6EC0033022213F83 /* Core */,
				4F38860802C45D64FFFBC32C /* TaskManagement */,
			);
			productName = TaskFlow;
			productReference = 803F3591F223F07E12B93754 /* TaskFlow.app */;
			productType = "com.apple.product-type.application";
		};
		B5777CCFB882B2136D13B9E7 /* TaskFlowUITests */ = {
			isa = PBXNativeTarget;
			buildConfigurationList = 55D6582BCA6BC8F640D25B14 /* Build configuration list for PBXNativeTarget "TaskFlowUITests" */;
			buildPhases = (
				771319F6376805292B8A1ABE /* Sources */,
				53D384371F6E08A8252808C0 /* Frameworks */,
			);
			buildRules = (
			);
			dependencies = (
				A7BCD4DBDB26E86597AF9603 /* PBXTargetDependency */,
			);
			name = TaskFlowUITests;
			productName = TaskFlowUITests;
			productReference = 1BF6C8245C3E3F89FBBBABB7 /* TaskFlowUITests.xctest */;
			productType = "com.apple.product-type.bundle.ui-testing";
		};
/* End PBXNativeTarget section */

/* Begin PBXProject section */
		598E624BCF38FDC80CC3D4F7 /* Project object */ = {
			isa = PBXProject;
			attributes = {
				BuildIndependentTargetsInParallel = 1;
				LastSwiftUpdateCheck = 1600;
				LastUpgradeCheck = 1600;
				TargetAttributes = {
					08D623DECE1689CE4485220C = {
						CreatedOnToolsVersion = 16.0;
					};
					B5777CCFB882B2136D13B9E7 = {
						CreatedOnToolsVersion = 16.0;
						TestTargetID = 08D623DECE1689CE4485220C;
					};
				};
			};
			buildConfigurationList = B29B7927E82A874A624AD1F9 /* Build configuration list for PBXProject "TaskFlow" */;
			compatibilityVersion = "Xcode 14.0";
			developmentRegion = en;
			hasScannedForEncodings = 0;
			knownRegions = (
				en,
				"pt-BR",
				Base,
			);
			mainGroup = 0680D6046784BD29A6F05C15;
			packageReferences = (
				E88F72F675A9B544FCB10852 /* XCLocalSwiftPackageReference "Packages/Core" */,
				F216746E46264EF1CCED0CE1 /* XCLocalSwiftPackageReference "Packages/TaskManagement" */,
			);
			productRefGroup = 9684E36E4F5300ED050EE76D /* Products */;
			projectDirPath = "";
			projectRoot = "";
			targets = (
				08D623DECE1689CE4485220C /* TaskFlow */,
				B5777CCFB882B2136D13B9E7 /* TaskFlowUITests */,
			);
		};
/* End PBXProject section */

/* Begin PBXContainerItemProxy section */
		F3C8CEE7ADDE13BD5A740F8E /* PBXContainerItemProxy */ = {
			isa = PBXContainerItemProxy;
			containerPortal = 598E624BCF38FDC80CC3D4F7 /* Project object */;
			proxyType = 1;
			remoteGlobalIDString = 08D623DECE1689CE4485220C;
			remoteInfo = TaskFlow;
		};
/* End PBXContainerItemProxy section */

/* Begin PBXTargetDependency section */
		A7BCD4DBDB26E86597AF9603 /* PBXTargetDependency */ = {
			isa = PBXTargetDependency;
			target = 08D623DECE1689CE4485220C /* TaskFlow */;
			targetProxy = F3C8CEE7ADDE13BD5A740F8E /* PBXContainerItemProxy */;
		};
/* End PBXTargetDependency section */

/* Begin PBXResourcesBuildPhase section */
		3D727326C1246C5F52EAA54E /* Resources */ = {
			isa = PBXResourcesBuildPhase;
			buildActionMask = 2147483647;
			files = (
				C1673BFC7A2ED0E3791E35C6 /* Assets.xcassets in Resources */,
			);
			runOnlyForDeploymentPostprocessing = 0;
		};
/* End PBXResourcesBuildPhase section */

/* Begin PBXSourcesBuildPhase section */
		3B20380B725D1E148A2B3C54 /* Sources */ = {
			isa = PBXSourcesBuildPhase;
			buildActionMask = 2147483647;
			files = (
				AE5E358B980CB8D397A20C1D /* TaskFlowApp.swift in Sources */,
				0D8F554CCBADF14144D0198D /* AppDelegate.swift in Sources */,
				FA2420838F50327ECBBF6A40 /* DIContainer.swift in Sources */,
				DBE4863EA4281C293261EB6F /* AppCoordinator.swift in Sources */,
				961302C9A6C9A07D52DA22DC /* AppCoordinatorHostView.swift in Sources */,
			);
			runOnlyForDeploymentPostprocessing = 0;
		};
		771319F6376805292B8A1ABE /* Sources */ = {
			isa = PBXSourcesBuildPhase;
			buildActionMask = 2147483647;
			files = (
				15E86BF4DDC335E5EBDEF6E3 /* PrimaryFlowUITests.swift in Sources */,
				F93152729B4759D30A57E017 /* AccessibilityAuditUITests.swift in Sources */,
			);
			runOnlyForDeploymentPostprocessing = 0;
		};
/* End PBXSourcesBuildPhase section */

/* Begin XCBuildConfiguration section */
		5DAD8F4A7877A723103CF09E /* Debug */ = {
			isa = XCBuildConfiguration;
			buildSettings = {
				ALWAYS_SEARCH_USER_PATHS = NO;
				CLANG_ANALYZER_NONNULL = YES;
				CLANG_ANALYZER_NUMBER_OBJECT_CONVERSION = YES_AGGRESSIVE;
				CLANG_CXX_LANGUAGE_STANDARD = "gnu++20";
				CLANG_ENABLE_MODULES = YES;
				CLANG_ENABLE_OBJC_ARC = YES;
				CLANG_ENABLE_OBJC_WEAK = YES;
				CLANG_WARN_BLOCK_CAPTURE_AUTORELEASING = YES;
				CLANG_WARN_BOOL_CONVERSION = YES;
				CLANG_WARN_COMMA = YES;
				CLANG_WARN_CONSTANT_CONVERSION = YES;
				CLANG_WARN_DEPRECATED_OBJC_IMPLEMENTATIONS = YES;
				CLANG_WARN_DIRECT_OBJC_ISA_USAGE = YES_ERROR;
				CLANG_WARN_DOCUMENTATION_COMMENTS = YES;
				CLANG_WARN_EMPTY_BODY = YES;
				CLANG_WARN_ENUM_CONVERSION = YES;
				CLANG_WARN_INFINITE_RECURSION = YES;
				CLANG_WARN_INT_CONVERSION = YES;
				CLANG_WARN_NON_LITERAL_NULL_CONVERSION = YES;
				CLANG_WARN_OBJC_IMPLICIT_RETAIN_SELF = YES;
				CLANG_WARN_OBJC_LITERAL_CONVERSION = YES;
				CLANG_WARN_OBJC_ROOT_CLASS = YES_ERROR;
				CLANG_WARN_QUOTED_INCLUDE_IN_FRAMEWORK_HEADER = YES;
				CLANG_WARN_RANGE_LOOP_ANALYSIS = YES;
				CLANG_WARN_STRICT_PROTOTYPES = YES;
				CLANG_WARN_SUSPICIOUS_MOVE = YES;
				CLANG_WARN_UNGUARDED_AVAILABILITY = YES_AGGRESSIVE;
				CLANG_WARN_UNREACHABLE_CODE = YES;
				CLANG_WARN__DUPLICATE_METHOD_MATCH = YES;
				COPY_PHASE_STRIP = NO;
				DEBUG_INFORMATION_FORMAT = dwarf;
				ENABLE_STRICT_OBJC_MSGSEND = YES;
				ENABLE_TESTABILITY = YES;
				ENABLE_USER_SCRIPT_SANDBOXING = YES;
				GCC_C_LANGUAGE_STANDARD = gnu17;
				GCC_DYNAMIC_NO_PIC = NO;
				GCC_NO_COMMON_BLOCKS = YES;
				GCC_OPTIMIZATION_LEVEL = 0;
				GCC_PREPROCESSOR_DEFINITIONS = (
					"DEBUG=1",
					"$(inherited)",
				);
				GCC_WARN_64_TO_32_BIT_CONVERSION = YES;
				GCC_WARN_ABOUT_RETURN_TYPE = YES_ERROR;
				GCC_WARN_UNDECLARED_SELECTOR = YES;
				GCC_WARN_UNINITIALIZED_AUTOS = YES_AGGRESSIVE;
				GCC_WARN_UNUSED_FUNCTION = YES;
				GCC_WARN_UNUSED_VARIABLE = YES;
				IPHONEOS_DEPLOYMENT_TARGET = 17.0;
				MTL_ENABLE_DEBUG_INFO = INCLUDE_SOURCE;
				MTL_FAST_MATH = YES;
				ONLY_ACTIVE_ARCH = YES;
				SDKROOT = iphoneos;
				SWIFT_ACTIVE_COMPILATION_CONDITIONS = "DEBUG $(inherited)";
				SWIFT_OPTIMIZATION_LEVEL = "-Onone";
				SWIFT_VERSION = 5.0;
			};
			name = Debug;
		};
		116DC2979D3CA21CE8F5D170 /* Release */ = {
			isa = XCBuildConfiguration;
			buildSettings = {
				ALWAYS_SEARCH_USER_PATHS = NO;
				CLANG_ANALYZER_NONNULL = YES;
				CLANG_ANALYZER_NUMBER_OBJECT_CONVERSION = YES_AGGRESSIVE;
				CLANG_CXX_LANGUAGE_STANDARD = "gnu++20";
				CLANG_ENABLE_MODULES = YES;
				CLANG_ENABLE_OBJC_ARC = YES;
				CLANG_ENABLE_OBJC_WEAK = YES;
				CLANG_WARN_BLOCK_CAPTURE_AUTORELEASING = YES;
				CLANG_WARN_BOOL_CONVERSION = YES;
				CLANG_WARN_COMMA = YES;
				CLANG_WARN_CONSTANT_CONVERSION = YES;
				CLANG_WARN_DEPRECATED_OBJC_IMPLEMENTATIONS = YES;
				CLANG_WARN_DIRECT_OBJC_ISA_USAGE = YES_ERROR;
				CLANG_WARN_DOCUMENTATION_COMMENTS = YES;
				CLANG_WARN_EMPTY_BODY = YES;
				CLANG_WARN_ENUM_CONVERSION = YES;
				CLANG_WARN_INFINITE_RECURSION = YES;
				CLANG_WARN_INT_CONVERSION = YES;
				CLANG_WARN_NON_LITERAL_NULL_CONVERSION = YES;
				CLANG_WARN_OBJC_IMPLICIT_RETAIN_SELF = YES;
				CLANG_WARN_OBJC_LITERAL_CONVERSION = YES;
				CLANG_WARN_OBJC_ROOT_CLASS = YES_ERROR;
				CLANG_WARN_QUOTED_INCLUDE_IN_FRAMEWORK_HEADER = YES;
				CLANG_WARN_RANGE_LOOP_ANALYSIS = YES;
				CLANG_WARN_STRICT_PROTOTYPES = YES;
				CLANG_WARN_SUSPICIOUS_MOVE = YES;
				CLANG_WARN_UNGUARDED_AVAILABILITY = YES_AGGRESSIVE;
				CLANG_WARN_UNREACHABLE_CODE = YES;
				CLANG_WARN__DUPLICATE_METHOD_MATCH = YES;
				COPY_PHASE_STRIP = NO;
				DEBUG_INFORMATION_FORMAT = "dwarf-with-dsym";
				ENABLE_NS_ASSERTIONS = NO;
				ENABLE_STRICT_OBJC_MSGSEND = YES;
				ENABLE_USER_SCRIPT_SANDBOXING = YES;
				GCC_C_LANGUAGE_STANDARD = gnu17;
				GCC_NO_COMMON_BLOCKS = YES;
				GCC_WARN_64_TO_32_BIT_CONVERSION = YES;
				GCC_WARN_ABOUT_RETURN_TYPE = YES_ERROR;
				GCC_WARN_UNDECLARED_SELECTOR = YES;
				GCC_WARN_UNINITIALIZED_AUTOS = YES_AGGRESSIVE;
				GCC_WARN_UNUSED_FUNCTION = YES;
				GCC_WARN_UNUSED_VARIABLE = YES;
				IPHONEOS_DEPLOYMENT_TARGET = 17.0;
				MTL_ENABLE_DEBUG_INFO = NO;
				MTL_FAST_MATH = YES;
				SDKROOT = iphoneos;
				SWIFT_COMPILATION_MODE = wholemodule;
				SWIFT_VERSION = 5.0;
				VALIDATE_PRODUCT = YES;
			};
			name = Release;
		};
		05D2D385A095AE373932A0D3 /* Debug */ = {
			isa = XCBuildConfiguration;
			buildSettings = {
				ASSETCATALOG_COMPILER_APPICON_NAME = AppIcon;
				ASSETCATALOG_COMPILER_GLOBAL_ACCENT_COLOR_NAME = AccentColor;
				CODE_SIGN_STYLE = Automatic;
				CURRENT_PROJECT_VERSION = 1;
				DEVELOPMENT_ASSET_PATHS = "";
				ENABLE_PREVIEWS = YES;
				GENERATE_INFOPLIST_FILE = YES;
				INFOPLIST_KEY_UIApplicationSceneManifest_Generation = YES;
				INFOPLIST_KEY_UIApplicationSupportsIndirectInputEvents = YES;
				INFOPLIST_KEY_UILaunchScreen_Generation = YES;
				INFOPLIST_KEY_UISupportedInterfaceOrientations_iPhone = "UIInterfaceOrientationPortrait UIInterfaceOrientationLandscapeLeft UIInterfaceOrientationLandscapeRight";
				LD_RUNPATH_SEARCH_PATHS = (
					"$(inherited)",
					"@executable_path/Frameworks",
				);
				MARKETING_VERSION = 1.0;
				PRODUCT_BUNDLE_IDENTIFIER = com.donidevrs.TaskFlow;
				PRODUCT_NAME = "$(TARGET_NAME)";
				SWIFT_EMIT_LOC_STRINGS = YES;
				SWIFT_VERSION = 5.0;
				TARGETED_DEVICE_FAMILY = "1,2";
			};
			name = Debug;
		};
		4459EFEDC6FE693CE4C0331E /* Release */ = {
			isa = XCBuildConfiguration;
			buildSettings = {
				ASSETCATALOG_COMPILER_APPICON_NAME = AppIcon;
				ASSETCATALOG_COMPILER_GLOBAL_ACCENT_COLOR_NAME = AccentColor;
				CODE_SIGN_STYLE = Automatic;
				CURRENT_PROJECT_VERSION = 1;
				DEVELOPMENT_ASSET_PATHS = "";
				ENABLE_PREVIEWS = YES;
				GENERATE_INFOPLIST_FILE = YES;
				INFOPLIST_KEY_UIApplicationSceneManifest_Generation = YES;
				INFOPLIST_KEY_UIApplicationSupportsIndirectInputEvents = YES;
				INFOPLIST_KEY_UILaunchScreen_Generation = YES;
				INFOPLIST_KEY_UISupportedInterfaceOrientations_iPhone = "UIInterfaceOrientationPortrait UIInterfaceOrientationLandscapeLeft UIInterfaceOrientationLandscapeRight";
				LD_RUNPATH_SEARCH_PATHS = (
					"$(inherited)",
					"@executable_path/Frameworks",
				);
				MARKETING_VERSION = 1.0;
				PRODUCT_BUNDLE_IDENTIFIER = com.donidevrs.TaskFlow;
				PRODUCT_NAME = "$(TARGET_NAME)";
				SWIFT_EMIT_LOC_STRINGS = YES;
				SWIFT_VERSION = 5.0;
				TARGETED_DEVICE_FAMILY = "1,2";
			};
			name = Release;
		};
		2B7DFDA087A5B3FB8CFFE7C1 /* Debug */ = {
			isa = XCBuildConfiguration;
			buildSettings = {
				CODE_SIGN_STYLE = Automatic;
				GENERATE_INFOPLIST_FILE = YES;
				PRODUCT_BUNDLE_IDENTIFIER = com.donidevrs.TaskFlowUITests;
				PRODUCT_NAME = "$(TARGET_NAME)";
				SWIFT_EMIT_LOC_STRINGS = NO;
				SWIFT_VERSION = 5.0;
				TARGETED_DEVICE_FAMILY = "1,2";
				TEST_TARGET_NAME = TaskFlow;
			};
			name = Debug;
		};
		14DF4A75635875D9E93915AC /* Release */ = {
			isa = XCBuildConfiguration;
			buildSettings = {
				CODE_SIGN_STYLE = Automatic;
				GENERATE_INFOPLIST_FILE = YES;
				PRODUCT_BUNDLE_IDENTIFIER = com.donidevrs.TaskFlowUITests;
				PRODUCT_NAME = "$(TARGET_NAME)";
				SWIFT_EMIT_LOC_STRINGS = NO;
				SWIFT_VERSION = 5.0;
				TARGETED_DEVICE_FAMILY = "1,2";
				TEST_TARGET_NAME = TaskFlow;
			};
			name = Release;
		};
/* End XCBuildConfiguration section */

/* Begin XCConfigurationList section */
		B29B7927E82A874A624AD1F9 /* Build configuration list for PBXProject "TaskFlow" */ = {
			isa = XCConfigurationList;
			buildConfigurations = (
				5DAD8F4A7877A723103CF09E /* Debug */,
				116DC2979D3CA21CE8F5D170 /* Release */,
			);
			defaultConfigurationIsVisible = 0;
			defaultConfigurationName = Release;
		};
		274F0EC003D5F0741E6C4856 /* Build configuration list for PBXNativeTarget "TaskFlow" */ = {
			isa = XCConfigurationList;
			buildConfigurations = (
				05D2D385A095AE373932A0D3 /* Debug */,
				4459EFEDC6FE693CE4C0331E /* Release */,
			);
			defaultConfigurationIsVisible = 0;
			defaultConfigurationName = Release;
		};
		55D6582BCA6BC8F640D25B14 /* Build configuration list for PBXNativeTarget "TaskFlowUITests" */ = {
			isa = XCConfigurationList;
			buildConfigurations = (
				2B7DFDA087A5B3FB8CFFE7C1 /* Debug */,
				14DF4A75635875D9E93915AC /* Release */,
			);
			defaultConfigurationIsVisible = 0;
			defaultConfigurationName = Release;
		};
/* End XCConfigurationList section */

/* Begin XCLocalSwiftPackageReference section */
		E88F72F675A9B544FCB10852 /* XCLocalSwiftPackageReference "Packages/Core" */ = {
			isa = XCLocalSwiftPackageReference;
			relativePath = "Packages/Core";
		};
		F216746E46264EF1CCED0CE1 /* XCLocalSwiftPackageReference "Packages/TaskManagement" */ = {
			isa = XCLocalSwiftPackageReference;
			relativePath = "Packages/TaskManagement";
		};
/* End XCLocalSwiftPackageReference section */

/* Begin XCSwiftPackageProductDependency section */
		1A954E7F6EC0033022213F83 /* Core */ = {
			isa = XCSwiftPackageProductDependency;
			productName = Core;
		};
		4F38860802C45D64FFFBC32C /* TaskManagement */ = {
			isa = XCSwiftPackageProductDependency;
			productName = TaskManagement;
		};
/* End XCSwiftPackageProductDependency section */
	};
	rootObject = 598E624BCF38FDC80CC3D4F7 /* Project object */;
}
